
Microsoft Visual Studio Solution File, Format Version 12.00
# Visual Studio Version 16
VisualStudioVersion = 16.0.31624.102
MinimumVisualStudioVersion = 10.0.40219.1
Project("{8BC9CEB8-8B4A-11D0-8D11-00A0C91BC942}") = "lab_fedorina", "lab_fedorina.vcxproj", "{8108BE38-202E-44B9-943F-EBC4A099683B}"
EndProject
Global
	GlobalSection(SolutionConfigurationPlatforms) = preSolution
		Debug|x64 = Debug|x64
		Debug|x86 = Debug|x86
		Release|x64 = Release|x64
		Release|x86 = Release|x86
	EndGlobalSection
	GlobalSection(ProjectConfigurationPlatforms) = postSolution
		{8108BE38-202E-44B9-943F-EBC4A099683B}.Debug|x64.ActiveCfg = Debug|x64
		{8108BE38-202E-44B9-943F-EBC4A099683B}.Debug|x64.Build.0 = Debug|x64
		{8108BE38-202E-44B9-943F-EBC4A099683B}.Debug|x86.ActiveCfg = Debug|Win32
		{8108BE38-202E-44B9-943F-EBC4A099683B}.Debug|x86.Build.0 = Debug|Win32
		{8108BE38-202E-44B9-943F-EBC4A099683B}.Release|x64.ActiveCfg = Release|x64
		{8108BE38-202E-44B9-943F-EBC4A099683B}.Release|x64.Build.0 = Release|x64
		{8108BE38-202E-44B9-943F-EBC4A099683B}.Release|x86.ActiveCfg = Release|Win32
		{8108BE38-202E-44B9-943F-EBC4A099683B}.Release|x86.Build.0 = Release|Win32
	EndGlobalSection
	GlobalSection(SolutionProperties) = preSolution
		HideSolutionNode = FALSE
	EndGlobalSection
	GlobalSection(ExtensibilityGlobals) = postSolution
		SolutionGuid = {00D5CFFB-558A-4872-B0F1-C861590F10F4}
	EndGlobalSection
EndGlobal
